
Microsoft Visual Studio Solution File, Format Version 12.00
# Visual Studio Version 16
VisualStudioVersion = 16.0.30621.155
MinimumVisualStudioVersion = 10.0.40219.1
Project("{FAE04EC0-301F-11D3-BF4B-00C04F79EFBC}") = "HexGameProject", "HexGameProject\HexGameProject.csproj", "{7975A080-97FA-4FF4-A72B-E84C1B0DFDEA}"
EndProject
Project("{2150E333-8FDC-42A3-9474-1A3956D46DE8}") = "Images", "Images", "{2877AD84-0067-461B-803C-71607E0F31FF}"
EndProject
Global
	GlobalSection(SolutionConfigurationPlatforms) = preSolution
		Debug|Any CPU = Debug|Any CPU
		Release|Any CPU = Release|Any CPU
	EndGlobalSection
	GlobalSection(ProjectConfigurationPlatforms) = postSolution
		{7975A080-97FA-4FF4-A72B-E84C1B0DFDEA}.Debug|Any CPU.ActiveCfg = Debug|Any CPU
		{7975A080-97FA-4FF4-A72B-E84C1B0DFDEA}.Debug|Any CPU.Build.0 = Debug|Any CPU
		{7975A080-97FA-4FF4-A72B-E84C1B0DFDEA}.Release|Any CPU.ActiveCfg = Release|Any CPU
		{7975A080-97FA-4FF4-A72B-E84C1B0DFDEA}.Release|Any CPU.Build.0 = Release|Any CPU
	EndGlobalSection
	GlobalSection(SolutionProperties) = preSolution
		HideSolutionNode = FALSE
	EndGlobalSection
	GlobalSection(ExtensibilityGlobals) = postSolution
		SolutionGuid = {01F9D8D3-4B54-43A5-9D2D-C2AF81A2571E}
	EndGlobalSection
EndGlobal
